<Solution>
  <Folder Name="/Core/">
    <Project Path="Core/Garaj.Clients.Domain/Garaj.Clients.Domain.csproj" />
    <Project Path="Core/Garaj.Clients.UseCases/Garaj.Clients.UseCases.csproj" />
  </Folder>
  <Folder Name="/Infra/">
    <Project Path="Infra/Garaj.Clients.Caching/Garaj.Clients.Caching.csproj" />
    <Project Path="Infra/Garaj.Clients.Events/Garaj.Clients.Events.csproj" />
    <Project Path="Infra/Garaj.Clients.Persistense/Garaj.Clients.Persistense.csproj" />
  </Folder>
  <Folder Name="/Presenters/">
    <Project Path="Presenters/Garaj.Clients.WebApi/Garaj.Clients.WebApi.csproj" />
  </Folder>
  <Folder Name="/Tests/">
    <Project Path="Tests/Garaj.Clients.Tests/Garaj.Clients.Tests.csproj" />
  </Folder>
</Solution>
