<Solution>
  <Folder Name="/Core/">
    <Project Path="Core/Garaj.Identity.Domain/Garaj.Identity.Domain.csproj" />
    <Project Path="Core/Garaj.Identity.UseCases/Garaj.Identity.UseCases.csproj" />
  </Folder>
  <Folder Name="/Infra/">
    <Project Path="Infra/Garaj.Identity.Caching/Garaj.Identity.Caching.csproj" />
    <Project Path="Infra/Garaj.Identity.Events/Garaj.Identity.Events.csproj" />
    <Project Path="Infra/Garaj.Identity.Persistense/Garaj.Identity.Persistense.csproj" />
  </Folder>
  <Folder Name="/Presenters/">
    <Project Path="Presenters/Garaj.Identity.WebApi/Garaj.Identity.WebApi.csproj" />
  </Folder>
  <Folder Name="/Tests/">
    <Project Path="Tests/Garaj.Identity.Tests/Garaj.Identity.Tests.csproj" />
  </Folder>
</Solution>
